<?xml version="1.0" encoding="utf-8"?>
<Project ToolsVersion="14.0" xmlns="http://schemas.microsoft.com/developer/msbuild/2003">
  <ItemGroup>
    <Filter Include="Data">
      <UniqueIdentifier>{f159e732-e13c-495b-bbee-77b4b57a0b89}</UniqueIdentifier>
    </Filter>
    <Filter Include="Data\il2cpp_data\etc\mono">
      <UniqueIdentifier>{73189367-71a6-49b4-bcf5-eeb9440d72eb}</UniqueIdentifier>
    </Filter>
    <Filter Include="Data\il2cpp_data\etc\mono\2.0">
      <UniqueIdentifier>{b5cf18ad-1a7b-4e9b-83c2-44b5151cac57}</UniqueIdentifier>
    </Filter>
    <Filter Include="Data\il2cpp_data\etc\mono\2.0\Browsers">
      <UniqueIdentifier>{718ee346-f1a5-490f-888f-60b9e40e587d}</UniqueIdentifier>
    </Filter>
    <Filter Include="Data\il2cpp_data\etc\mono\4.0">
      <UniqueIdentifier>{4884ba54-15d2-4e35-8f9a-fb3356f9e096}</UniqueIdentifier>
    </Filter>
    <Filter Include="Data\il2cpp_data\etc\mono\4.0\Browsers">
      <UniqueIdentifier>{fffbbf1a-8db4-40d3-9893-c2d8346287d0}</UniqueIdentifier>
    </Filter>
    <Filter Include="Data\il2cpp_data\etc\mono\4.5">
      <UniqueIdentifier>{a65b7ecf-54c5-4142-be47-977a7a77ddc1}</UniqueIdentifier>
    </Filter>
    <Filter Include="Data\il2cpp_data\etc\mono\4.5\Browsers">
      <UniqueIdentifier>{bbb4a18e-514e-4d27-b02a-2a0f9469306e}</UniqueIdentifier>
    </Filter>
    <Filter Include="Data\il2cpp_data\etc\mono\mconfig">
      <UniqueIdentifier>{cd1fa828-2187-4120-97ce-9759e66da878}</UniqueIdentifier>
    </Filter>
    <Filter Include="Data\il2cpp_data\Metadata">
      <UniqueIdentifier>{982a5493-a512-42b9-87e2-addc423e7e0f}</UniqueIdentifier>
    </Filter>
    <Filter Include="Data\il2cpp_data\Resources">
      <UniqueIdentifier>{3d10d9e9-855e-47fb-bf88-74321fada6e6}</UniqueIdentifier>
    </Filter>
    <Filter Include="Data\Resources">
      <UniqueIdentifier>{70d2f138-8f18-4f96-8932-f42d4af76b33}</UniqueIdentifier>
    </Filter>
    <Filter Include="Data\il2cpp_data\etc">
      <UniqueIdentifier>{56a921bb-c99d-4460-8f28-026816527ab8}</UniqueIdentifier>
    </Filter>
    <Filter Include="Data\il2cpp_data">
      <UniqueIdentifier>{d477f50c-dee6-4d62-8dff-30936ebfa1f8}</UniqueIdentifier>
    </Filter>
    <Resource Include="$(MSBuildThisFileDirectory)Resource.res" />
    <None Include="$(MSBuildThisFileDirectory)StoreManifest.xml" />
    <ClCompile Include="$(MSBuildThisFileDirectory)UnityGenerated.cpp" />
    <ClInclude Include="$(MSBuildThisFileDirectory)UnityGenerated.h" />
    <None Include="$(MSBuildThisFileDirectory)Data\boot.config">
      <Filter>Data</Filter>
    </None>
    <None Include="$(MSBuildThisFileDirectory)Data\globalgamemanagers">
      <Filter>Data</Filter>
    </None>
    <None Include="$(MSBuildThisFileDirectory)Data\globalgamemanagers.assets">
      <Filter>Data</Filter>
    </None>
    <None Include="$(MSBuildThisFileDirectory)Data\level0">
      <Filter>Data</Filter>
    </None>
    <None Include="$(MSBuildThisFileDirectory)Data\level1">
      <Filter>Data</Filter>
    </None>
    <None Include="$(MSBuildThisFileDirectory)Data\level10">
      <Filter>Data</Filter>
    </None>
    <None Include="$(MSBuildThisFileDirectory)Data\level11">
      <Filter>Data</Filter>
    </None>
    <None Include="$(MSBuildThisFileDirectory)Data\level2">
      <Filter>Data</Filter>
    </None>
    <None Include="$(MSBuildThisFileDirectory)Data\level3">
      <Filter>Data</Filter>
    </None>
    <None Include="$(MSBuildThisFileDirectory)Data\level4">
      <Filter>Data</Filter>
    </None>
    <None Include="$(MSBuildThisFileDirectory)Data\level5">
      <Filter>Data</Filter>
    </None>
    <None Include="$(MSBuildThisFileDirectory)Data\level6">
      <Filter>Data</Filter>
    </None>
    <None Include="$(MSBuildThisFileDirectory)Data\level7">
      <Filter>Data</Filter>
    </None>
    <None Include="$(MSBuildThisFileDirectory)Data\level8">
      <Filter>Data</Filter>
    </None>
    <None Include="$(MSBuildThisFileDirectory)Data\level9">
      <Filter>Data</Filter>
    </None>
    <None Include="$(MSBuildThisFileDirectory)Data\resources.assets">
      <Filter>Data</Filter>
    </None>
    <None Include="$(MSBuildThisFileDirectory)Data\resources.assets.resS">
      <Filter>Data</Filter>
    </None>
    <None Include="$(MSBuildThisFileDirectory)Data\RuntimeInitializeOnLoads.json">
      <Filter>Data</Filter>
    </None>
    <None Include="$(MSBuildThisFileDirectory)Data\ScriptingAssemblies.json">
      <Filter>Data</Filter>
    </None>
    <None Include="$(MSBuildThisFileDirectory)Data\sharedassets0.assets">
      <Filter>Data</Filter>
    </None>
    <None Include="$(MSBuildThisFileDirectory)Data\sharedassets0.assets.resS">
      <Filter>Data</Filter>
    </None>
    <None Include="$(MSBuildThisFileDirectory)Data\sharedassets0.resource">
      <Filter>Data</Filter>
    </None>
    <None Include="$(MSBuildThisFileDirectory)Data\sharedassets1.assets">
      <Filter>Data</Filter>
    </None>
    <None Include="$(MSBuildThisFileDirectory)Data\sharedassets1.assets.resS">
      <Filter>Data</Filter>
    </None>
    <None Include="$(MSBuildThisFileDirectory)Data\sharedassets10.assets">
      <Filter>Data</Filter>
    </None>
    <None Include="$(MSBuildThisFileDirectory)Data\sharedassets10.assets.resS">
      <Filter>Data</Filter>
    </None>
    <None Include="$(MSBuildThisFileDirectory)Data\sharedassets11.assets">
      <Filter>Data</Filter>
    </None>
    <None Include="$(MSBuildThisFileDirectory)Data\sharedassets2.assets">
      <Filter>Data</Filter>
    </None>
    <None Include="$(MSBuildThisFileDirectory)Data\sharedassets2.assets.resS">
      <Filter>Data</Filter>
    </None>
    <None Include="$(MSBuildThisFileDirectory)Data\sharedassets3.assets">
      <Filter>Data</Filter>
    </None>
    <None Include="$(MSBuildThisFileDirectory)Data\sharedassets3.assets.resS">
      <Filter>Data</Filter>
    </None>
    <None Include="$(MSBuildThisFileDirectory)Data\sharedassets3.resource">
      <Filter>Data</Filter>
    </None>
    <None Include="$(MSBuildThisFileDirectory)Data\sharedassets4.assets">
      <Filter>Data</Filter>
    </None>
    <None Include="$(MSBuildThisFileDirectory)Data\sharedassets4.assets.resS">
      <Filter>Data</Filter>
    </None>
    <None Include="$(MSBuildThisFileDirectory)Data\sharedassets5.assets">
      <Filter>Data</Filter>
    </None>
    <None Include="$(MSBuildThisFileDirectory)Data\sharedassets5.assets.resS">
      <Filter>Data</Filter>
    </None>
    <None Include="$(MSBuildThisFileDirectory)Data\sharedassets6.assets">
      <Filter>Data</Filter>
    </None>
    <None Include="$(MSBuildThisFileDirectory)Data\sharedassets6.assets.resS">
      <Filter>Data</Filter>
    </None>
    <None Include="$(MSBuildThisFileDirectory)Data\sharedassets7.assets">
      <Filter>Data</Filter>
    </None>
    <None Include="$(MSBuildThisFileDirectory)Data\sharedassets8.assets">
      <Filter>Data</Filter>
    </None>
    <None Include="$(MSBuildThisFileDirectory)Data\sharedassets8.assets.resS">
      <Filter>Data</Filter>
    </None>
    <None Include="$(MSBuildThisFileDirectory)Data\sharedassets9.assets">
      <Filter>Data</Filter>
    </None>
    <None Include="$(MSBuildThisFileDirectory)Data\sharedassets9.assets.resS">
      <Filter>Data</Filter>
    </None>
    <None Include="$(MSBuildThisFileDirectory)Data\il2cpp_data\etc\mono\browscap.ini">
      <Filter>Data\il2cpp_data\etc\mono</Filter>
    </None>
    <None Include="$(MSBuildThisFileDirectory)Data\il2cpp_data\etc\mono\config">
      <Filter>Data\il2cpp_data\etc\mono</Filter>
    </None>
    <None Include="$(MSBuildThisFileDirectory)Data\il2cpp_data\etc\mono\2.0\DefaultWsdlHelpGenerator.aspx">
      <Filter>Data\il2cpp_data\etc\mono\2.0</Filter>
    </None>
    <None Include="$(MSBuildThisFileDirectory)Data\il2cpp_data\etc\mono\2.0\machine.config">
      <Filter>Data\il2cpp_data\etc\mono\2.0</Filter>
    </None>
    <None Include="$(MSBuildThisFileDirectory)Data\il2cpp_data\etc\mono\2.0\settings.map">
      <Filter>Data\il2cpp_data\etc\mono\2.0</Filter>
    </None>
    <None Include="$(MSBuildThisFileDirectory)Data\il2cpp_data\etc\mono\2.0\web.config">
      <Filter>Data\il2cpp_data\etc\mono\2.0</Filter>
    </None>
    <None Include="$(MSBuildThisFileDirectory)Data\il2cpp_data\etc\mono\2.0\Browsers\Compat.browser">
      <Filter>Data\il2cpp_data\etc\mono\2.0\Browsers</Filter>
    </None>
    <None Include="$(MSBuildThisFileDirectory)Data\il2cpp_data\etc\mono\4.0\DefaultWsdlHelpGenerator.aspx">
      <Filter>Data\il2cpp_data\etc\mono\4.0</Filter>
    </None>
    <None Include="$(MSBuildThisFileDirectory)Data\il2cpp_data\etc\mono\4.0\machine.config">
      <Filter>Data\il2cpp_data\etc\mono\4.0</Filter>
    </None>
    <None Include="$(MSBuildThisFileDirectory)Data\il2cpp_data\etc\mono\4.0\settings.map">
      <Filter>Data\il2cpp_data\etc\mono\4.0</Filter>
    </None>
    <None Include="$(MSBuildThisFileDirectory)Data\il2cpp_data\etc\mono\4.0\web.config">
      <Filter>Data\il2cpp_data\etc\mono\4.0</Filter>
    </None>
    <None Include="$(MSBuildThisFileDirectory)Data\il2cpp_data\etc\mono\4.0\Browsers\Compat.browser">
      <Filter>Data\il2cpp_data\etc\mono\4.0\Browsers</Filter>
    </None>
    <None Include="$(MSBuildThisFileDirectory)Data\il2cpp_data\etc\mono\4.5\DefaultWsdlHelpGenerator.aspx">
      <Filter>Data\il2cpp_data\etc\mono\4.5</Filter>
    </None>
    <None Include="$(MSBuildThisFileDirectory)Data\il2cpp_data\etc\mono\4.5\machine.config">
      <Filter>Data\il2cpp_data\etc\mono\4.5</Filter>
    </None>
    <None Include="$(MSBuildThisFileDirectory)Data\il2cpp_data\etc\mono\4.5\settings.map">
      <Filter>Data\il2cpp_data\etc\mono\4.5</Filter>
    </None>
    <None Include="$(MSBuildThisFileDirectory)Data\il2cpp_data\etc\mono\4.5\web.config">
      <Filter>Data\il2cpp_data\etc\mono\4.5</Filter>
    </None>
    <None Include="$(MSBuildThisFileDirectory)Data\il2cpp_data\etc\mono\4.5\Browsers\Compat.browser">
      <Filter>Data\il2cpp_data\etc\mono\4.5\Browsers</Filter>
    </None>
    <None Include="$(MSBuildThisFileDirectory)Data\il2cpp_data\etc\mono\mconfig\config.xml">
      <Filter>Data\il2cpp_data\etc\mono\mconfig</Filter>
    </None>
    <None Include="$(MSBuildThisFileDirectory)Data\il2cpp_data\Metadata\global-metadata.dat">
      <Filter>Data\il2cpp_data\Metadata</Filter>
    </None>
    <None Include="$(MSBuildThisFileDirectory)Data\il2cpp_data\Resources\I18N.CJK.dll-resources.dat">
      <Filter>Data\il2cpp_data\Resources</Filter>
    </None>
    <None Include="$(MSBuildThisFileDirectory)Data\il2cpp_data\Resources\mscorlib.dll-resources.dat">
      <Filter>Data\il2cpp_data\Resources</Filter>
    </None>
    <None Include="$(MSBuildThisFileDirectory)Data\Resources\unity default resources">
      <Filter>Data\Resources</Filter>
    </None>
    <None Include="$(MSBuildThisFileDirectory)Data\Resources\unity_builtin_extra">
      <Filter>Data\Resources</Filter>
    </None>
  </ItemGroup>
</Project>